
Microsoft Visual Studio Solution File, Format Version 12.00
# Visual Studio Version 17
VisualStudioVersion = 17.3.32929.385
MinimumVisualStudioVersion = 10.0.40219.1
Project("{FAE04EC0-301F-11D3-BF4B-00C04F79EFBC}") = "webapp", "webapp\webapp.csproj", "{78DAB53F-C755-40D3-A658-6431E50BD388}"
EndProject
Global
	GlobalSection(SolutionConfigurationPlatforms) = preSolution
		Debug|Any CPU = Debug|Any CPU
		Release|Any CPU = Release|Any CPU
	EndGlobalSection
	GlobalSection(ProjectConfigurationPlatforms) = postSolution
		{78DAB53F-C755-40D3-A658-6431E50BD388}.Debug|Any CPU.ActiveCfg = Debug|Any CPU
		{78DAB53F-C755-40D3-A658-6431E50BD388}.Debug|Any CPU.Build.0 = Debug|Any CPU
		{78DAB53F-C755-40D3-A658-6431E50BD388}.Release|Any CPU.ActiveCfg = Release|Any CPU
		{78DAB53F-C755-40D3-A658-6431E50BD388}.Release|Any CPU.Build.0 = Release|Any CPU
	EndGlobalSection
	GlobalSection(SolutionProperties) = preSolution
		HideSolutionNode = FALSE
	EndGlobalSection
	GlobalSection(ExtensibilityGlobals) = postSolution
		SolutionGuid = {C3516EFD-970D-4CA6-9910-80927C712FC0}
	EndGlobalSection
EndGlobal
